{
	"lockfileVersion": 1,
	"workspaces": {
		"": {
			"name": "e-commerce-site",
			"devDependencies": {
				"@biomejs/biome": "^1.8.3",
				"typescript": "^5.5.3",
				"vite": "^5.4.0"
			}
		}
	},
	"packages": {
		"@biomejs/biome": [
			"@biomejs/biome@1.9.4",
			"",
			{
				"optionalDependencies": {
					"@biomejs/cli-darwin-arm64": "1.9.4",
					"@biomejs/cli-darwin-x64": "1.9.4",
					"@biomejs/cli-linux-arm64": "1.9.4",
					"@biomejs/cli-linux-arm64-musl": "1.9.4",
					"@biomejs/cli-linux-x64": "1.9.4",
					"@biomejs/cli-linux-x64-musl": "1.9.4",
					"@biomejs/cli-win32-arm64": "1.9.4",
					"@biomejs/cli-win32-x64": "1.9.4"
				},
				"bin": { "biome": "bin/biome" }
			},
			"sha512-1rkd7G70+o9KkTn5KLmDYXihGoTaIGO9PIIN2ZB7UJxFrWw04CZHPYiMRjYsaDvVV7hP1dYNRLxSANLaBFGpog=="
		],

		"@biomejs/cli-darwin-arm64": [
			"@biomejs/cli-darwin-arm64@1.9.4",
			"",
			{ "os": "darwin", "cpu": "arm64" },
			"sha512-bFBsPWrNvkdKrNCYeAp+xo2HecOGPAy9WyNyB/jKnnedgzl4W4Hb9ZMzYNbf8dMCGmUdSavlYHiR01QaYR58cw=="
		],

		"@biomejs/cli-darwin-x64": [
			"@biomejs/cli-darwin-x64@1.9.4",
			"",
			{ "os": "darwin", "cpu": "x64" },
			"sha512-ngYBh/+bEedqkSevPVhLP4QfVPCpb+4BBe2p7Xs32dBgs7rh9nY2AIYUL6BgLw1JVXV8GlpKmb/hNiuIxfPfZg=="
		],

		"@biomejs/cli-linux-arm64": [
			"@biomejs/cli-linux-arm64@1.9.4",
			"",
			{ "os": "linux", "cpu": "arm64" },
			"sha512-fJIW0+LYujdjUgJJuwesP4EjIBl/N/TcOX3IvIHJQNsAqvV2CHIogsmA94BPG6jZATS4Hi+xv4SkBBQSt1N4/g=="
		],

		"@biomejs/cli-linux-arm64-musl": [
			"@biomejs/cli-linux-arm64-musl@1.9.4",
			"",
			{ "os": "linux", "cpu": "arm64" },
			"sha512-v665Ct9WCRjGa8+kTr0CzApU0+XXtRgwmzIf1SeKSGAv+2scAlW6JR5PMFo6FzqqZ64Po79cKODKf3/AAmECqA=="
		],

		"@biomejs/cli-linux-x64": [
			"@biomejs/cli-linux-x64@1.9.4",
			"",
			{ "os": "linux", "cpu": "x64" },
			"sha512-lRCJv/Vi3Vlwmbd6K+oQ0KhLHMAysN8lXoCI7XeHlxaajk06u7G+UsFSO01NAs5iYuWKmVZjmiOzJ0OJmGsMwg=="
		],

		"@biomejs/cli-linux-x64-musl": [
			"@biomejs/cli-linux-x64-musl@1.9.4",
			"",
			{ "os": "linux", "cpu": "x64" },
			"sha512-gEhi/jSBhZ2m6wjV530Yy8+fNqG8PAinM3oV7CyO+6c3CEh16Eizm21uHVsyVBEB6RIM8JHIl6AGYCv6Q6Q9Tg=="
		],

		"@biomejs/cli-win32-arm64": [
			"@biomejs/cli-win32-arm64@1.9.4",
			"",
			{ "os": "win32", "cpu": "arm64" },
			"sha512-tlbhLk+WXZmgwoIKwHIHEBZUwxml7bRJgk0X2sPyNR3S93cdRq6XulAZRQJ17FYGGzWne0fgrXBKpl7l4M87Hg=="
		],

		"@biomejs/cli-win32-x64": [
			"@biomejs/cli-win32-x64@1.9.4",
			"",
			{ "os": "win32", "cpu": "x64" },
			"sha512-8Y5wMhVIPaWe6jw2H+KlEm4wP/f7EW3810ZLmDlrEEy5KvBsb9ECEfu/kMWD484ijfQ8+nIi0giMgu9g1UAuuA=="
		],

		"@esbuild/aix-ppc64": [
			"@esbuild/aix-ppc64@0.21.5",
			"",
			{ "os": "aix", "cpu": "ppc64" },
			"sha512-1SDgH6ZSPTlggy1yI6+Dbkiz8xzpHJEVAlF/AM1tHPLsf5STom9rwtjE4hKAF20FfXXNTFqEYXyJNWh1GiZedQ=="
		],

		"@esbuild/android-arm": [
			"@esbuild/android-arm@0.21.5",
			"",
			{ "os": "android", "cpu": "arm" },
			"sha512-vCPvzSjpPHEi1siZdlvAlsPxXl7WbOVUBBAowWug4rJHb68Ox8KualB+1ocNvT5fjv6wpkX6o/iEpbDrf68zcg=="
		],

		"@esbuild/android-arm64": [
			"@esbuild/android-arm64@0.21.5",
			"",
			{ "os": "android", "cpu": "arm64" },
			"sha512-c0uX9VAUBQ7dTDCjq+wdyGLowMdtR/GoC2U5IYk/7D1H1JYC0qseD7+11iMP2mRLN9RcCMRcjC4YMclCzGwS/A=="
		],

		"@esbuild/android-x64": [
			"@esbuild/android-x64@0.21.5",
			"",
			{ "os": "android", "cpu": "x64" },
			"sha512-D7aPRUUNHRBwHxzxRvp856rjUHRFW1SdQATKXH2hqA0kAZb1hKmi02OpYRacl0TxIGz/ZmXWlbZgjwWYaCakTA=="
		],

		"@esbuild/darwin-arm64": [
			"@esbuild/darwin-arm64@0.21.5",
			"",
			{ "os": "darwin", "cpu": "arm64" },
			"sha512-DwqXqZyuk5AiWWf3UfLiRDJ5EDd49zg6O9wclZ7kUMv2WRFr4HKjXp/5t8JZ11QbQfUS6/cRCKGwYhtNAY88kQ=="
		],

		"@esbuild/darwin-x64": [
			"@esbuild/darwin-x64@0.21.5",
			"",
			{ "os": "darwin", "cpu": "x64" },
			"sha512-se/JjF8NlmKVG4kNIuyWMV/22ZaerB+qaSi5MdrXtd6R08kvs2qCN4C09miupktDitvh8jRFflwGFBQcxZRjbw=="
		],

		"@esbuild/freebsd-arm64": [
			"@esbuild/freebsd-arm64@0.21.5",
			"",
			{ "os": "freebsd", "cpu": "arm64" },
			"sha512-5JcRxxRDUJLX8JXp/wcBCy3pENnCgBR9bN6JsY4OmhfUtIHe3ZW0mawA7+RDAcMLrMIZaf03NlQiX9DGyB8h4g=="
		],

		"@esbuild/freebsd-x64": [
			"@esbuild/freebsd-x64@0.21.5",
			"",
			{ "os": "freebsd", "cpu": "x64" },
			"sha512-J95kNBj1zkbMXtHVH29bBriQygMXqoVQOQYA+ISs0/2l3T9/kj42ow2mpqerRBxDJnmkUDCaQT/dfNXWX/ZZCQ=="
		],

		"@esbuild/linux-arm": [
			"@esbuild/linux-arm@0.21.5",
			"",
			{ "os": "linux", "cpu": "arm" },
			"sha512-bPb5AHZtbeNGjCKVZ9UGqGwo8EUu4cLq68E95A53KlxAPRmUyYv2D6F0uUI65XisGOL1hBP5mTronbgo+0bFcA=="
		],

		"@esbuild/linux-arm64": [
			"@esbuild/linux-arm64@0.21.5",
			"",
			{ "os": "linux", "cpu": "arm64" },
			"sha512-ibKvmyYzKsBeX8d8I7MH/TMfWDXBF3db4qM6sy+7re0YXya+K1cem3on9XgdT2EQGMu4hQyZhan7TeQ8XkGp4Q=="
		],

		"@esbuild/linux-ia32": [
			"@esbuild/linux-ia32@0.21.5",
			"",
			{ "os": "linux", "cpu": "ia32" },
			"sha512-YvjXDqLRqPDl2dvRODYmmhz4rPeVKYvppfGYKSNGdyZkA01046pLWyRKKI3ax8fbJoK5QbxblURkwK/MWY18Tg=="
		],

		"@esbuild/linux-loong64": [
			"@esbuild/linux-loong64@0.21.5",
			"",
			{ "os": "linux", "cpu": "none" },
			"sha512-uHf1BmMG8qEvzdrzAqg2SIG/02+4/DHB6a9Kbya0XDvwDEKCoC8ZRWI5JJvNdUjtciBGFQ5PuBlpEOXQj+JQSg=="
		],

		"@esbuild/linux-mips64el": [
			"@esbuild/linux-mips64el@0.21.5",
			"",
			{ "os": "linux", "cpu": "none" },
			"sha512-IajOmO+KJK23bj52dFSNCMsz1QP1DqM6cwLUv3W1QwyxkyIWecfafnI555fvSGqEKwjMXVLokcV5ygHW5b3Jbg=="
		],

		"@esbuild/linux-ppc64": [
			"@esbuild/linux-ppc64@0.21.5",
			"",
			{ "os": "linux", "cpu": "ppc64" },
			"sha512-1hHV/Z4OEfMwpLO8rp7CvlhBDnjsC3CttJXIhBi+5Aj5r+MBvy4egg7wCbe//hSsT+RvDAG7s81tAvpL2XAE4w=="
		],

		"@esbuild/linux-riscv64": [
			"@esbuild/linux-riscv64@0.21.5",
			"",
			{ "os": "linux", "cpu": "none" },
			"sha512-2HdXDMd9GMgTGrPWnJzP2ALSokE/0O5HhTUvWIbD3YdjME8JwvSCnNGBnTThKGEB91OZhzrJ4qIIxk/SBmyDDA=="
		],

		"@esbuild/linux-s390x": [
			"@esbuild/linux-s390x@0.21.5",
			"",
			{ "os": "linux", "cpu": "s390x" },
			"sha512-zus5sxzqBJD3eXxwvjN1yQkRepANgxE9lgOW2qLnmr8ikMTphkjgXu1HR01K4FJg8h1kEEDAqDcZQtbrRnB41A=="
		],

		"@esbuild/linux-x64": [
			"@esbuild/linux-x64@0.21.5",
			"",
			{ "os": "linux", "cpu": "x64" },
			"sha512-1rYdTpyv03iycF1+BhzrzQJCdOuAOtaqHTWJZCWvijKD2N5Xu0TtVC8/+1faWqcP9iBCWOmjmhoH94dH82BxPQ=="
		],

		"@esbuild/netbsd-x64": [
			"@esbuild/netbsd-x64@0.21.5",
			"",
			{ "os": "none", "cpu": "x64" },
			"sha512-Woi2MXzXjMULccIwMnLciyZH4nCIMpWQAs049KEeMvOcNADVxo0UBIQPfSmxB3CWKedngg7sWZdLvLczpe0tLg=="
		],

		"@esbuild/openbsd-x64": [
			"@esbuild/openbsd-x64@0.21.5",
			"",
			{ "os": "openbsd", "cpu": "x64" },
			"sha512-HLNNw99xsvx12lFBUwoT8EVCsSvRNDVxNpjZ7bPn947b8gJPzeHWyNVhFsaerc0n3TsbOINvRP2byTZ5LKezow=="
		],

		"@esbuild/sunos-x64": [
			"@esbuild/sunos-x64@0.21.5",
			"",
			{ "os": "sunos", "cpu": "x64" },
			"sha512-6+gjmFpfy0BHU5Tpptkuh8+uw3mnrvgs+dSPQXQOv3ekbordwnzTVEb4qnIvQcYXq6gzkyTnoZ9dZG+D4garKg=="
		],

		"@esbuild/win32-arm64": [
			"@esbuild/win32-arm64@0.21.5",
			"",
			{ "os": "win32", "cpu": "arm64" },
			"sha512-Z0gOTd75VvXqyq7nsl93zwahcTROgqvuAcYDUr+vOv8uHhNSKROyU961kgtCD1e95IqPKSQKH7tBTslnS3tA8A=="
		],

		"@esbuild/win32-ia32": [
			"@esbuild/win32-ia32@0.21.5",
			"",
			{ "os": "win32", "cpu": "ia32" },
			"sha512-SWXFF1CL2RVNMaVs+BBClwtfZSvDgtL//G/smwAc5oVK/UPu2Gu9tIaRgFmYFFKrmg3SyAjSrElf0TiJ1v8fYA=="
		],

		"@esbuild/win32-x64": [
			"@esbuild/win32-x64@0.21.5",
			"",
			{ "os": "win32", "cpu": "x64" },
			"sha512-tQd/1efJuzPC6rCFwEvLtci/xNFcTZknmXs98FYDfGE4wP9ClFV98nyKrzJKVPMhdDnjzLhdUyMX4PsQAPjwIw=="
		],

		"@rollup/rollup-android-arm-eabi": [
			"@rollup/rollup-android-arm-eabi@4.44.1",
			"",
			{ "os": "android", "cpu": "arm" },
			"sha512-JAcBr1+fgqx20m7Fwe1DxPUl/hPkee6jA6Pl7n1v2EFiktAHenTaXl5aIFjUIEsfn9w3HE4gK1lEgNGMzBDs1w=="
		],

		"@rollup/rollup-android-arm64": [
			"@rollup/rollup-android-arm64@4.44.1",
			"",
			{ "os": "android", "cpu": "arm64" },
			"sha512-RurZetXqTu4p+G0ChbnkwBuAtwAbIwJkycw1n6GvlGlBuS4u5qlr5opix8cBAYFJgaY05TWtM+LaoFggUmbZEQ=="
		],

		"@rollup/rollup-darwin-arm64": [
			"@rollup/rollup-darwin-arm64@4.44.1",
			"",
			{ "os": "darwin", "cpu": "arm64" },
			"sha512-fM/xPesi7g2M7chk37LOnmnSTHLG/v2ggWqKj3CCA1rMA4mm5KVBT1fNoswbo1JhPuNNZrVwpTvlCVggv8A2zg=="
		],

		"@rollup/rollup-darwin-x64": [
			"@rollup/rollup-darwin-x64@4.44.1",
			"",
			{ "os": "darwin", "cpu": "x64" },
			"sha512-gDnWk57urJrkrHQ2WVx9TSVTH7lSlU7E3AFqiko+bgjlh78aJ88/3nycMax52VIVjIm3ObXnDL2H00e/xzoipw=="
		],

		"@rollup/rollup-freebsd-arm64": [
			"@rollup/rollup-freebsd-arm64@4.44.1",
			"",
			{ "os": "freebsd", "cpu": "arm64" },
			"sha512-wnFQmJ/zPThM5zEGcnDcCJeYJgtSLjh1d//WuHzhf6zT3Md1BvvhJnWoy+HECKu2bMxaIcfWiu3bJgx6z4g2XA=="
		],

		"@rollup/rollup-freebsd-x64": [
			"@rollup/rollup-freebsd-x64@4.44.1",
			"",
			{ "os": "freebsd", "cpu": "x64" },
			"sha512-uBmIxoJ4493YATvU2c0upGz87f99e3wop7TJgOA/bXMFd2SvKCI7xkxY/5k50bv7J6dw1SXT4MQBQSLn8Bb/Uw=="
		],

		"@rollup/rollup-linux-arm-gnueabihf": [
			"@rollup/rollup-linux-arm-gnueabihf@4.44.1",
			"",
			{ "os": "linux", "cpu": "arm" },
			"sha512-n0edDmSHlXFhrlmTK7XBuwKlG5MbS7yleS1cQ9nn4kIeW+dJH+ExqNgQ0RrFRew8Y+0V/x6C5IjsHrJmiHtkxQ=="
		],

		"@rollup/rollup-linux-arm-musleabihf": [
			"@rollup/rollup-linux-arm-musleabihf@4.44.1",
			"",
			{ "os": "linux", "cpu": "arm" },
			"sha512-8WVUPy3FtAsKSpyk21kV52HCxB+me6YkbkFHATzC2Yd3yuqHwy2lbFL4alJOLXKljoRw08Zk8/xEj89cLQ/4Nw=="
		],

		"@rollup/rollup-linux-arm64-gnu": [
			"@rollup/rollup-linux-arm64-gnu@4.44.1",
			"",
			{ "os": "linux", "cpu": "arm64" },
			"sha512-yuktAOaeOgorWDeFJggjuCkMGeITfqvPgkIXhDqsfKX8J3jGyxdDZgBV/2kj/2DyPaLiX6bPdjJDTu9RB8lUPQ=="
		],

		"@rollup/rollup-linux-arm64-musl": [
			"@rollup/rollup-linux-arm64-musl@4.44.1",
			"",
			{ "os": "linux", "cpu": "arm64" },
			"sha512-W+GBM4ifET1Plw8pdVaecwUgxmiH23CfAUj32u8knq0JPFyK4weRy6H7ooxYFD19YxBulL0Ktsflg5XS7+7u9g=="
		],

		"@rollup/rollup-linux-loongarch64-gnu": [
			"@rollup/rollup-linux-loongarch64-gnu@4.44.1",
			"",
			{ "os": "linux", "cpu": "none" },
			"sha512-1zqnUEMWp9WrGVuVak6jWTl4fEtrVKfZY7CvcBmUUpxAJ7WcSowPSAWIKa/0o5mBL/Ij50SIf9tuirGx63Ovew=="
		],

		"@rollup/rollup-linux-powerpc64le-gnu": [
			"@rollup/rollup-linux-powerpc64le-gnu@4.44.1",
			"",
			{ "os": "linux", "cpu": "ppc64" },
			"sha512-Rl3JKaRu0LHIx7ExBAAnf0JcOQetQffaw34T8vLlg9b1IhzcBgaIdnvEbbsZq9uZp3uAH+JkHd20Nwn0h9zPjA=="
		],

		"@rollup/rollup-linux-riscv64-gnu": [
			"@rollup/rollup-linux-riscv64-gnu@4.44.1",
			"",
			{ "os": "linux", "cpu": "none" },
			"sha512-j5akelU3snyL6K3N/iX7otLBIl347fGwmd95U5gS/7z6T4ftK288jKq3A5lcFKcx7wwzb5rgNvAg3ZbV4BqUSw=="
		],

		"@rollup/rollup-linux-riscv64-musl": [
			"@rollup/rollup-linux-riscv64-musl@4.44.1",
			"",
			{ "os": "linux", "cpu": "none" },
			"sha512-ppn5llVGgrZw7yxbIm8TTvtj1EoPgYUAbfw0uDjIOzzoqlZlZrLJ/KuiE7uf5EpTpCTrNt1EdtzF0naMm0wGYg=="
		],

		"@rollup/rollup-linux-s390x-gnu": [
			"@rollup/rollup-linux-s390x-gnu@4.44.1",
			"",
			{ "os": "linux", "cpu": "s390x" },
			"sha512-Hu6hEdix0oxtUma99jSP7xbvjkUM/ycke/AQQ4EC5g7jNRLLIwjcNwaUy95ZKBJJwg1ZowsclNnjYqzN4zwkAw=="
		],

		"@rollup/rollup-linux-x64-gnu": [
			"@rollup/rollup-linux-x64-gnu@4.44.1",
			"",
			{ "os": "linux", "cpu": "x64" },
			"sha512-EtnsrmZGomz9WxK1bR5079zee3+7a+AdFlghyd6VbAjgRJDbTANJ9dcPIPAi76uG05micpEL+gPGmAKYTschQw=="
		],

		"@rollup/rollup-linux-x64-musl": [
			"@rollup/rollup-linux-x64-musl@4.44.1",
			"",
			{ "os": "linux", "cpu": "x64" },
			"sha512-iAS4p+J1az6Usn0f8xhgL4PaU878KEtutP4hqw52I4IO6AGoyOkHCxcc4bqufv1tQLdDWFx8lR9YlwxKuv3/3g=="
		],

		"@rollup/rollup-win32-arm64-msvc": [
			"@rollup/rollup-win32-arm64-msvc@4.44.1",
			"",
			{ "os": "win32", "cpu": "arm64" },
			"sha512-NtSJVKcXwcqozOl+FwI41OH3OApDyLk3kqTJgx8+gp6On9ZEt5mYhIsKNPGuaZr3p9T6NWPKGU/03Vw4CNU9qg=="
		],

		"@rollup/rollup-win32-ia32-msvc": [
			"@rollup/rollup-win32-ia32-msvc@4.44.1",
			"",
			{ "os": "win32", "cpu": "ia32" },
			"sha512-JYA3qvCOLXSsnTR3oiyGws1Dm0YTuxAAeaYGVlGpUsHqloPcFjPg+X0Fj2qODGLNwQOAcCiQmHub/V007kiH5A=="
		],

		"@rollup/rollup-win32-x64-msvc": [
			"@rollup/rollup-win32-x64-msvc@4.44.1",
			"",
			{ "os": "win32", "cpu": "x64" },
			"sha512-J8o22LuF0kTe7m+8PvW9wk3/bRq5+mRo5Dqo6+vXb7otCm3TPhYOJqOaQtGU9YMWQSL3krMnoOxMr0+9E6F3Ug=="
		],

		"@types/estree": [
			"@types/estree@1.0.8",
			"",
			{},
			"sha512-dWHzHa2WqEXI/O1E9OjrocMTKJl2mSrEolh1Iomrv6U+JuNwaHXsXx9bLu5gG7BUWFIN0skIQJQ/L1rIex4X6w=="
		],

		"esbuild": [
			"esbuild@0.21.5",
			"",
			{
				"optionalDependencies": {
					"@esbuild/aix-ppc64": "0.21.5",
					"@esbuild/android-arm": "0.21.5",
					"@esbuild/android-arm64": "0.21.5",
					"@esbuild/android-x64": "0.21.5",
					"@esbuild/darwin-arm64": "0.21.5",
					"@esbuild/darwin-x64": "0.21.5",
					"@esbuild/freebsd-arm64": "0.21.5",
					"@esbuild/freebsd-x64": "0.21.5",
					"@esbuild/linux-arm": "0.21.5",
					"@esbuild/linux-arm64": "0.21.5",
					"@esbuild/linux-ia32": "0.21.5",
					"@esbuild/linux-loong64": "0.21.5",
					"@esbuild/linux-mips64el": "0.21.5",
					"@esbuild/linux-ppc64": "0.21.5",
					"@esbuild/linux-riscv64": "0.21.5",
					"@esbuild/linux-s390x": "0.21.5",
					"@esbuild/linux-x64": "0.21.5",
					"@esbuild/netbsd-x64": "0.21.5",
					"@esbuild/openbsd-x64": "0.21.5",
					"@esbuild/sunos-x64": "0.21.5",
					"@esbuild/win32-arm64": "0.21.5",
					"@esbuild/win32-ia32": "0.21.5",
					"@esbuild/win32-x64": "0.21.5"
				},
				"bin": { "esbuild": "bin/esbuild" }
			},
			"sha512-mg3OPMV4hXywwpoDxu3Qda5xCKQi+vCTZq8S9J/EpkhB2HzKXq4SNFZE3+NK93JYxc8VMSep+lOUSC/RVKaBqw=="
		],

		"fsevents": [
			"fsevents@2.3.3",
			"",
			{ "os": "darwin" },
			"sha512-5xoDfX+fL7faATnagmWPpbFtwh/R77WmMMqqHGS65C3vvB0YHrgF+B1YmZ3441tMj5n63k0212XNoJwzlhffQw=="
		],

		"nanoid": [
			"nanoid@3.3.11",
			"",
			{ "bin": { "nanoid": "bin/nanoid.cjs" } },
			"sha512-N8SpfPUnUp1bK+PMYW8qSWdl9U+wwNWI4QKxOYDy9JAro3WMX7p2OeVRF9v+347pnakNevPmiHhNmZ2HbFA76w=="
		],

		"picocolors": [
			"picocolors@1.1.1",
			"",
			{},
			"sha512-xceH2snhtb5M9liqDsmEw56le376mTZkEX/jEb/RxNFyegNul7eNslCXP9FDj/Lcu0X8KEyMceP2ntpaHrDEVA=="
		],

		"postcss": [
			"postcss@8.5.6",
			"",
			{
				"dependencies": {
					"nanoid": "^3.3.11",
					"picocolors": "^1.1.1",
					"source-map-js": "^1.2.1"
				}
			},
			"sha512-3Ybi1tAuwAP9s0r1UQ2J4n5Y0G05bJkpUIO0/bI9MhwmD70S5aTWbXGBwxHrelT+XM1k6dM0pk+SwNkpTRN7Pg=="
		],

		"rollup": [
			"rollup@4.44.1",
			"",
			{
				"dependencies": { "@types/estree": "1.0.8" },
				"optionalDependencies": {
					"@rollup/rollup-android-arm-eabi": "4.44.1",
					"@rollup/rollup-android-arm64": "4.44.1",
					"@rollup/rollup-darwin-arm64": "4.44.1",
					"@rollup/rollup-darwin-x64": "4.44.1",
					"@rollup/rollup-freebsd-arm64": "4.44.1",
					"@rollup/rollup-freebsd-x64": "4.44.1",
					"@rollup/rollup-linux-arm-gnueabihf": "4.44.1",
					"@rollup/rollup-linux-arm-musleabihf": "4.44.1",
					"@rollup/rollup-linux-arm64-gnu": "4.44.1",
					"@rollup/rollup-linux-arm64-musl": "4.44.1",
					"@rollup/rollup-linux-loongarch64-gnu": "4.44.1",
					"@rollup/rollup-linux-powerpc64le-gnu": "4.44.1",
					"@rollup/rollup-linux-riscv64-gnu": "4.44.1",
					"@rollup/rollup-linux-riscv64-musl": "4.44.1",
					"@rollup/rollup-linux-s390x-gnu": "4.44.1",
					"@rollup/rollup-linux-x64-gnu": "4.44.1",
					"@rollup/rollup-linux-x64-musl": "4.44.1",
					"@rollup/rollup-win32-arm64-msvc": "4.44.1",
					"@rollup/rollup-win32-ia32-msvc": "4.44.1",
					"@rollup/rollup-win32-x64-msvc": "4.44.1",
					"fsevents": "~2.3.2"
				},
				"bin": { "rollup": "dist/bin/rollup" }
			},
			"sha512-x8H8aPvD+xbl0Do8oez5f5o8eMS3trfCghc4HhLAnCkj7Vl0d1JWGs0UF/D886zLW2rOj2QymV/JcSSsw+XDNg=="
		],

		"source-map-js": [
			"source-map-js@1.2.1",
			"",
			{},
			"sha512-UXWMKhLOwVKb728IUtQPXxfYU+usdybtUrK/8uGE8CQMvrhOpwvzDBwj0QhSL7MQc7vIsISBG8VQ8+IDQxpfQA=="
		],

		"typescript": [
			"typescript@5.8.3",
			"",
			{ "bin": { "tsc": "bin/tsc", "tsserver": "bin/tsserver" } },
			"sha512-p1diW6TqL9L07nNxvRMM7hMMw4c5XOo/1ibL4aAIGmSAt9slTE1Xgw5KWuof2uTOvCg9BY7ZRi+GaF+7sfgPeQ=="
		],

		"vite": [
			"vite@5.4.19",
			"",
			{
				"dependencies": {
					"esbuild": "^0.21.3",
					"postcss": "^8.4.43",
					"rollup": "^4.20.0"
				},
				"optionalDependencies": { "fsevents": "~2.3.3" },
				"peerDependencies": {
					"@types/node": "^18.0.0 || >=20.0.0",
					"less": "*",
					"lightningcss": "^1.21.0",
					"sass": "*",
					"sass-embedded": "*",
					"stylus": "*",
					"sugarss": "*",
					"terser": "^5.4.0"
				},
				"optionalPeers": [
					"@types/node",
					"less",
					"lightningcss",
					"sass",
					"sass-embedded",
					"stylus",
					"sugarss",
					"terser"
				],
				"bin": { "vite": "bin/vite.js" }
			},
			"sha512-qO3aKv3HoQC8QKiNSTuUM1l9o/XX3+c+VTgLHbJWHZGeTPVAg2XwazI9UWzoxjIJCGCV2zU60uqMzjeLZuULqA=="
		]
	}
}
